
Microsoft Visual Studio Solution File, Format Version 11.00
# Visual Studio 2010
Project("{FAE04EC0-301F-11D3-BF4B-00C04F79EFBC}") = "Kondate", "Kondate\Kondate.csproj", "{145F2033-ADC9-4367-952E-FD2878A65C37}"
EndProject
Project("{FAE04EC0-301F-11D3-BF4B-00C04F79EFBC}") = "Kondate.Tests", "Kondate.Tests\Kondate.Tests.csproj", "{47E31CA0-BB9D-44EE-91E8-78DE6F08FE2A}"
EndProject
Global
	GlobalSection(SolutionConfigurationPlatforms) = preSolution
		Debug|Any CPU = Debug|Any CPU
		Release|Any CPU = Release|Any CPU
	EndGlobalSection
	GlobalSection(ProjectConfigurationPlatforms) = postSolution
		{145F2033-ADC9-4367-952E-FD2878A65C37}.Debug|Any CPU.ActiveCfg = Debug|Any CPU
		{145F2033-ADC9-4367-952E-FD2878A65C37}.Debug|Any CPU.Build.0 = Debug|Any CPU
		{145F2033-ADC9-4367-952E-FD2878A65C37}.Release|Any CPU.ActiveCfg = Release|Any CPU
		{145F2033-ADC9-4367-952E-FD2878A65C37}.Release|Any CPU.Build.0 = Release|Any CPU
		{47E31CA0-BB9D-44EE-91E8-78DE6F08FE2A}.Debug|Any CPU.ActiveCfg = Debug|Any CPU
		{47E31CA0-BB9D-44EE-91E8-78DE6F08FE2A}.Debug|Any CPU.Build.0 = Debug|Any CPU
		{47E31CA0-BB9D-44EE-91E8-78DE6F08FE2A}.Release|Any CPU.ActiveCfg = Release|Any CPU
		{47E31CA0-BB9D-44EE-91E8-78DE6F08FE2A}.Release|Any CPU.Build.0 = Release|Any CPU
	EndGlobalSection
	GlobalSection(SolutionProperties) = preSolution
		HideSolutionNode = FALSE
	EndGlobalSection
EndGlobal
